Microsoft Visual Studio Solution File, Format Version 12.00
# Visual Studio Version 17
VisualStudioVersion = 17.5.2.0
MinimumVisualStudioVersion = 10.0.40219.1
Project("{FAE04EC0-301F-11D3-BF4B-00C04F79EFBC}") = "dotnet-exam", "dotnet-exam.csproj", "{77490E99-3568-0EC7-7D8A-25382CF43401}"
EndProject
Global
	GlobalSection(SolutionConfigurationPlatforms) = preSolution
		Debug|Any CPU = Debug|Any CPU
		Release|Any CPU = Release|Any CPU
	EndGlobalSection
	GlobalSection(ProjectConfigurationPlatforms) = postSolution
		{77490E99-3568-0EC7-7D8A-25382CF43401}.Debug|Any CPU.ActiveCfg = Debug|Any CPU
		{77490E99-3568-0EC7-7D8A-25382CF43401}.Debug|Any CPU.Build.0 = Debug|Any CPU
		{77490E99-3568-0EC7-7D8A-25382CF43401}.Release|Any CPU.ActiveCfg = Release|Any CPU
		{77490E99-3568-0EC7-7D8A-25382CF43401}.Release|Any CPU.Build.0 = Release|Any CPU
	EndGlobalSection
	GlobalSection(SolutionProperties) = preSolution
		HideSolutionNode = FALSE
	EndGlobalSection
	GlobalSection(ExtensibilityGlobals) = postSolution
		SolutionGuid = {FB69FAA5-E066-4D93-A089-E37443F70B04}
	EndGlobalSection
EndGlobal
